
Microsoft Visual Studio Solution File, Format Version 12.00
# Visual Studio 15
Project("{FAE04EC0-301F-11D3-BF4B-00C04F79EFBC}") = "UnityEngine.UI", "UnityEngine.UI.csproj", "{E18EC082-F885-6875-9014-71B5FBB5A1CD}"
EndProject
Project("{FAE04EC0-301F-11D3-BF4B-00C04F79EFBC}") = "Assembly-CSharp", "Assembly-CSharp.csproj", "{D707AAE3-9F9A-68B7-4ACA-9E2FFD0FD8F8}"
EndProject
Project("{FAE04EC0-301F-11D3-BF4B-00C04F79EFBC}") = "UnityEditor.UI", "UnityEditor.UI.csproj", "{8F51F558-CEAA-89E3-08BF-B30AD745BD28}"
EndProject
Project("{FAE04EC0-301F-11D3-BF4B-00C04F79EFBC}") = "Assembly-CSharp-Editor", "Assembly-CSharp-Editor.csproj", "{6E0CC953-6FA2-D985-D7C7-2A1A54EF5957}"
EndProject
Global
	GlobalSection(SolutionConfigurationPlatforms) = preSolution
		Debug|Any CPU = Debug|Any CPU
		Release|Any CPU = Release|Any CPU
	EndGlobalSection
	GlobalSection(ProjectConfigurationPlatforms) = postSolution
		{E18EC082-F885-6875-9014-71B5FBB5A1CD}.Debug|Any CPU.ActiveCfg = Debug|Any CPU
		{E18EC082-F885-6875-9014-71B5FBB5A1CD}.Debug|Any CPU.Build.0 = Debug|Any CPU
		{E18EC082-F885-6875-9014-71B5FBB5A1CD}.Release|Any CPU.ActiveCfg = Release|Any CPU
		{E18EC082-F885-6875-9014-71B5FBB5A1CD}.Release|Any CPU.Build.0 = Release|Any CPU
		{D707AAE3-9F9A-68B7-4ACA-9E2FFD0FD8F8}.Debug|Any CPU.ActiveCfg = Debug|Any CPU
		{D707AAE3-9F9A-68B7-4ACA-9E2FFD0FD8F8}.Debug|Any CPU.Build.0 = Debug|Any CPU
		{D707AAE3-9F9A-68B7-4ACA-9E2FFD0FD8F8}.Release|Any CPU.ActiveCfg = Release|Any CPU
		{D707AAE3-9F9A-68B7-4ACA-9E2FFD0FD8F8}.Release|Any CPU.Build.0 = Release|Any CPU
		{8F51F558-CEAA-89E3-08BF-B30AD745BD28}.Debug|Any CPU.ActiveCfg = Debug|Any CPU
		{8F51F558-CEAA-89E3-08BF-B30AD745BD28}.Debug|Any CPU.Build.0 = Debug|Any CPU
		{8F51F558-CEAA-89E3-08BF-B30AD745BD28}.Release|Any CPU.ActiveCfg = Release|Any CPU
		{8F51F558-CEAA-89E3-08BF-B30AD745BD28}.Release|Any CPU.Build.0 = Release|Any CPU
		{6E0CC953-6FA2-D985-D7C7-2A1A54EF5957}.Debug|Any CPU.ActiveCfg = Debug|Any CPU
		{6E0CC953-6FA2-D985-D7C7-2A1A54EF5957}.Debug|Any CPU.Build.0 = Debug|Any CPU
		{6E0CC953-6FA2-D985-D7C7-2A1A54EF5957}.Release|Any CPU.ActiveCfg = Release|Any CPU
		{6E0CC953-6FA2-D985-D7C7-2A1A54EF5957}.Release|Any CPU.Build.0 = Release|Any CPU
	EndGlobalSection
	GlobalSection(SolutionProperties) = preSolution
		HideSolutionNode = FALSE
	EndGlobalSection
EndGlobal
